
Microsoft Visual Studio Solution File, Format Version 12.00
# Visual Studio Version 17
VisualStudioVersion = 17.12.35707.178
MinimumVisualStudioVersion = 10.0.40219.1
Project("{FAE04EC0-301F-11D3-BF4B-00C04F79EFBC}") = "NewsChallengeApp", "NewsChallengeApp\NewsChallengeApp.csproj", "{A7650B57-FA0E-445C-919C-A721683B683B}"
EndProject
Project("{FAE04EC0-301F-11D3-BF4B-00C04F79EFBC}") = "Test", "Test\Test.csproj", "{528F53FA-EDC6-4C0C-ABD0-E72A7955EA6B}"
EndProject
Global
	GlobalSection(SolutionConfigurationPlatforms) = preSolution
		Debug|Any CPU = Debug|Any CPU
		Release|Any CPU = Release|Any CPU
	EndGlobalSection
	GlobalSection(ProjectConfigurationPlatforms) = postSolution
		{A7650B57-FA0E-445C-919C-A721683B683B}.Debug|Any CPU.ActiveCfg = Debug|Any CPU
		{A7650B57-FA0E-445C-919C-A721683B683B}.Debug|Any CPU.Build.0 = Debug|Any CPU
		{A7650B57-FA0E-445C-919C-A721683B683B}.Release|Any CPU.ActiveCfg = Release|Any CPU
		{A7650B57-FA0E-445C-919C-A721683B683B}.Release|Any CPU.Build.0 = Release|Any CPU
		{528F53FA-EDC6-4C0C-ABD0-E72A7955EA6B}.Debug|Any CPU.ActiveCfg = Debug|Any CPU
		{528F53FA-EDC6-4C0C-ABD0-E72A7955EA6B}.Debug|Any CPU.Build.0 = Debug|Any CPU
		{528F53FA-EDC6-4C0C-ABD0-E72A7955EA6B}.Release|Any CPU.ActiveCfg = Release|Any CPU
		{528F53FA-EDC6-4C0C-ABD0-E72A7955EA6B}.Release|Any CPU.Build.0 = Release|Any CPU
	EndGlobalSection
	GlobalSection(SolutionProperties) = preSolution
		HideSolutionNode = FALSE
	EndGlobalSection
EndGlobal
